// !$*UTF8*$!
{
	archiveVersion = 1;
	classes = {
	};
	objectVersion = 46;
	objects = {

/* Begin PBXBuildFile section */
		1905659F5A166B8267C633C1 /* Pods_Fluckr.framework in Frameworks */ = {isa = PBXBuildFile; fileRef = 3C56580B24DD2F97E1E8FFBC /* Pods_Fluckr.framework */; };
		700C5D951D61CAB9009DBB1D /* AppDelegate.swift in Sources */ = {isa = PBXBuildFile; fileRef = 700C5D941D61CAB9009DBB1D /* AppDelegate.swift */; };
		700C5D9A1D61CAB9009DBB1D /* Main.storyboard in Resources */ = {isa = PBXBuildFile; fileRef = 700C5D981D61CAB9009DBB1D /* Main.storyboard */; };
		700C5D9C1D61CAB9009DBB1D /* Assets.xcassets in Resources */ = {isa = PBXBuildFile; fileRef = 700C5D9B1D61CAB9009DBB1D /* Assets.xcassets */; };
		700C5D9F1D61CAB9009DBB1D /* LaunchScreen.storyboard in Resources */ = {isa = PBXBuildFile; fileRef = 700C5D9D1D61CAB9009DBB1D /* LaunchScreen.storyboard */; };
		700C5DA71D61D450009DBB1D /* FlickrAPI.swift in Sources */ = {isa = PBXBuildFile; fileRef = 700C5DA61D61D450009DBB1D /* FlickrAPI.swift */; };
		700D110D1D64B6460063E54B /* PhotoCollectionViewController.swift in Sources */ = {isa = PBXBuildFile; fileRef = 700D110C1D64B6460063E54B /* PhotoCollectionViewController.swift */; };
		70672EE41D620932007F3172 /* ImagesCollectionViewController.swift in Sources */ = {isa = PBXBuildFile; fileRef = 70672EE31D620932007F3172 /* ImagesCollectionViewController.swift */; };
		70672EE61D620982007F3172 /* GeoSearchViewController.swift in Sources */ = {isa = PBXBuildFile; fileRef = 70672EE51D620982007F3172 /* GeoSearchViewController.swift */; };
		70B33FA21D63320A00126ACF /* FullImageViewController.swift in Sources */ = {isa = PBXBuildFile; fileRef = 70B33FA11D63320A00126ACF /* FullImageViewController.swift */; };
		70B33FA41D63378800126ACF /* FlickrPhoto.swift in Sources */ = {isa = PBXBuildFile; fileRef = 70B33FA31D63378800126ACF /* FlickrPhoto.swift */; };
		70B33FA71D633E6600126ACF /* SearchViewController.swift in Sources */ = {isa = PBXBuildFile; fileRef = 70B33FA61D633E6600126ACF /* SearchViewController.swift */; };
		70E6DF151D62109800A61E8E /* ImageCollectionViewCell.swift in Sources */ = {isa = PBXBuildFile; fileRef = 70E6DF141D62109800A61E8E /* ImageCollectionViewCell.swift */; };
/* End PBXBuildFile section */

/* Begin PBXFileReference section */
		3C56580B24DD2F97E1E8FFBC /* Pods_Fluckr.framework */ = {isa = PBXFileReference; explicitFileType = wrapper.framework; includeInIndex = 0; path = Pods_Fluckr.framework; sourceTree = BUILT_PRODUCTS_DIR; };
		44C095CC4E9AC1F6C854CCE6 /* Pods-Fluckr.debug.xcconfig */ = {isa = PBXFileReference; includeInIndex = 1; lastKnownFileType = text.xcconfig; name = "Pods-Fluckr.debug.xcconfig"; path = "Pods/Target Support Files/Pods-Fluckr/Pods-Fluckr.debug.xcconfig"; sourceTree = "<group>"; };
		700C5D911D61CAB9009DBB1D /* Fluckr.app */ = {isa = PBXFileReference; explicitFileType = wrapper.application; includeInIndex = 0; path = Fluckr.app; sourceTree = BUILT_PRODUCTS_DIR; };
		700C5D941D61CAB9009DBB1D /* AppDelegate.swift */ = {isa = PBXFileReference; lastKnownFileType = sourcecode.swift; path = AppDelegate.swift; sourceTree = "<group>"; };
		700C5D991D61CAB9009DBB1D /* Base */ = {isa = PBXFileReference; lastKnownFileType = file.storyboard; name = Base; path = Base.lproj/Main.storyboard; sourceTree = "<group>"; };
		700C5D9B1D61CAB9009DBB1D /* Assets.xcassets */ = {isa = PBXFileReference; lastKnownFileType = folder.assetcatalog; path = Assets.xcassets; sourceTree = "<group>"; };
		700C5D9E1D61CAB9009DBB1D /* Base */ = {isa = PBXFileReference; lastKnownFileType = file.storyboard; name = Base; path = Base.lproj/LaunchScreen.storyboard; sourceTree = "<group>"; };
		700C5DA01D61CAB9009DBB1D /* Info.plist */ = {isa = PBXFileReference; lastKnownFileType = text.plist.xml; path = Info.plist; sourceTree = "<group>"; };
		700C5DA61D61D450009DBB1D /* FlickrAPI.swift */ = {isa = PBXFileReference; fileEncoding = 4; lastKnownFileType = sourcecode.swift; path = FlickrAPI.swift; sourceTree = "<group>"; };
		700D110C1D64B6460063E54B /* PhotoCollectionViewController.swift */ = {isa = PBXFileReference; fileEncoding = 4; lastKnownFileType = sourcecode.swift; path = PhotoCollectionViewController.swift; sourceTree = "<group>"; };
		70672EE31D620932007F3172 /* ImagesCollectionViewController.swift */ = {isa = PBXFileReference; fileEncoding = 4; lastKnownFileType = sourcecode.swift; path = ImagesCollectionViewController.swift; sourceTree = "<group>"; };
		70672EE51D620982007F3172 /* GeoSearchViewController.swift */ = {isa = PBXFileReference; fileEncoding = 4; lastKnownFileType = sourcecode.swift; path = GeoSearchViewController.swift; sourceTree = "<group>"; };
		70B33FA11D63320A00126ACF /* FullImageViewController.swift */ = {isa = PBXFileReference; fileEncoding = 4; lastKnownFileType = sourcecode.swift; path = FullImageViewController.swift; sourceTree = "<group>"; };
		70B33FA31D63378800126ACF /* FlickrPhoto.swift */ = {isa = PBXFileReference; fileEncoding = 4; lastKnownFileType = sourcecode.swift; path = FlickrPhoto.swift; sourceTree = "<group>"; };
		70B33FA61D633E6600126ACF /* SearchViewController.swift */ = {isa = PBXFileReference; fileEncoding = 4; lastKnownFileType = sourcecode.swift; path = SearchViewController.swift; sourceTree = "<group>"; };
		70E6DF141D62109800A61E8E /* ImageCollectionViewCell.swift */ = {isa = PBXFileReference; fileEncoding = 4; lastKnownFileType = sourcecode.swift; path = ImageCollectionViewCell.swift; sourceTree = "<group>"; };
		76B0BA601E3DB9954F16DF09 /* Pods-Fluckr.release.xcconfig */ = {isa = PBXFileReference; includeInIndex = 1; lastKnownFileType = text.xcconfig; name = "Pods-Fluckr.release.xcconfig"; path = "Pods/Target Support Files/Pods-Fluckr/Pods-Fluckr.release.xcconfig"; sourceTree = "<group>"; };
/* End PBXFileReference section */

/* Begin PBXFrameworksBuildPhase section */
		700C5D8E1D61CAB9009DBB1D /* Frameworks */ = {
			isa = PBXFrameworksBuildPhase;
			buildActionMask = 2147483647;
			files = (
				1905659F5A166B8267C633C1 /* Pods_Fluckr.framework in Frameworks */,
			);
			runOnlyForDeploymentPostprocessing = 0;
		};
/* End PBXFrameworksBuildPhase section */

/* Begin PBXGroup section */
		6D6B96BAB4B60F86FDCE5FCD /* Frameworks */ = {
			isa = PBXGroup;
			children = (
				3C56580B24DD2F97E1E8FFBC /* Pods_Fluckr.framework */,
			);
			name = Frameworks;
			sourceTree = "<group>";
		};
		700C5D881D61CAB9009DBB1D = {
			isa = PBXGroup;
			children = (
				700C5D931D61CAB9009DBB1D /* Fluckr */,
				700C5D921D61CAB9009DBB1D /* Products */,
				9DE094B949426F087AB3D043 /* Pods */,
				6D6B96BAB4B60F86FDCE5FCD /* Frameworks */,
			);
			sourceTree = "<group>";
		};
		700C5D921D61CAB9009DBB1D /* Products */ = {
			isa = PBXGroup;
			children = (
				700C5D911D61CAB9009DBB1D /* Fluckr.app */,
			);
			name = Products;
			sourceTree = "<group>";
		};
		700C5D931D61CAB9009DBB1D /* Fluckr */ = {
			isa = PBXGroup;
			children = (
				700C5D941D61CAB9009DBB1D /* AppDelegate.swift */,
				700C5D9B1D61CAB9009DBB1D /* Assets.xcassets */,
				70B33FA51D6337D200126ACF /* FlickrAPI */,
				70B33FA81D633E7600126ACF /* ImagesView */,
				700C5D981D61CAB9009DBB1D /* Main.storyboard */,
				700C5D9D1D61CAB9009DBB1D /* LaunchScreen.storyboard */,
				700C5DA01D61CAB9009DBB1D /* Info.plist */,
				70B33FA61D633E6600126ACF /* SearchViewController.swift */,
				70672EE51D620982007F3172 /* GeoSearchViewController.swift */,
				700D110C1D64B6460063E54B /* PhotoCollectionViewController.swift */,
			);
			path = Fluckr;
			sourceTree = "<group>";
		};
		70B33FA51D6337D200126ACF /* FlickrAPI */ = {
			isa = PBXGroup;
			children = (
				700C5DA61D61D450009DBB1D /* FlickrAPI.swift */,
				70B33FA31D63378800126ACF /* FlickrPhoto.swift */,
			);
			name = FlickrAPI;
			sourceTree = "<group>";
		};
		70B33FA81D633E7600126ACF /* ImagesView */ = {
			isa = PBXGroup;
			children = (
				70672EE31D620932007F3172 /* ImagesCollectionViewController.swift */,
				70E6DF141D62109800A61E8E /* ImageCollectionViewCell.swift */,
				70B33FA11D63320A00126ACF /* FullImageViewController.swift */,
			);
			name = ImagesView;
			sourceTree = "<group>";
		};
		9DE094B949426F087AB3D043 /* Pods */ = {
			isa = PBXGroup;
			children = (
				44C095CC4E9AC1F6C854CCE6 /* Pods-Fluckr.debug.xcconfig */,
				76B0BA601E3DB9954F16DF09 /* Pods-Fluckr.release.xcconfig */,
			);
			name = Pods;
			sourceTree = "<group>";
		};
/* End PBXGroup section */

/* Begin PBXNativeTarget section */
		700C5D901D61CAB9009DBB1D /* Fluckr */ = {
			isa = PBXNativeTarget;
			buildConfigurationList = 700C5DA31D61CAB9009DBB1D /* Build configuration list for PBXNativeTarget "Fluckr" */;
			buildPhases = (
				572081B3595BA7AED19D414C /* [CP] Check Pods Manifest.lock */,
				700C5D8D1D61CAB9009DBB1D /* Sources */,
				700C5D8E1D61CAB9009DBB1D /* Frameworks */,
				700C5D8F1D61CAB9009DBB1D /* Resources */,
				F0C63DDDACA09F8F543958FA /* [CP] Embed Pods Frameworks */,
				FD3AAC03D2831CAEA7538F85 /* [CP] Copy Pods Resources */,
			);
			buildRules = (
			);
			dependencies = (
			);
			name = Fluckr;
			productName = Fluckr;
			productReference = 700C5D911D61CAB9009DBB1D /* Fluckr.app */;
			productType = "com.apple.product-type.application";
		};
/* End PBXNativeTarget section */

/* Begin PBXProject section */
		700C5D891D61CAB9009DBB1D /* Project object */ = {
			isa = PBXProject;
			attributes = {
				LastSwiftUpdateCheck = 0730;
				LastUpgradeCheck = 0730;
				ORGANIZATIONNAME = Taburetka;
				TargetAttributes = {
					700C5D901D61CAB9009DBB1D = {
						CreatedOnToolsVersion = 7.3.1;
					};
				};
			};
			buildConfigurationList = 700C5D8C1D61CAB9009DBB1D /* Build configuration list for PBXProject "Fluckr" */;
			compatibilityVersion = "Xcode 3.2";
			developmentRegion = English;
			hasScannedForEncodings = 0;
			knownRegions = (
				en,
				Base,
			);
			mainGroup = 700C5D881D61CAB9009DBB1D;
			productRefGroup = 700C5D921D61CAB9009DBB1D /* Products */;
			projectDirPath = "";
			projectRoot = "";
			targets = (
				700C5D901D61CAB9009DBB1D /* Fluckr */,
			);
		};
/* End PBXProject section */

/* Begin PBXResourcesBuildPhase section */
		700C5D8F1D61CAB9009DBB1D /* Resources */ = {
			isa = PBXResourcesBuildPhase;
			buildActionMask = 2147483647;
			files = (
				700C5D9F1D61CAB9009DBB1D /* LaunchScreen.storyboard in Resources */,
				700C5D9C1D61CAB9009DBB1D /* Assets.xcassets in Resources */,
				700C5D9A1D61CAB9009DBB1D /* Main.storyboard in Resources */,
			);
			runOnlyForDeploymentPostprocessing = 0;
		};
/* End PBXResourcesBuildPhase section */

/* Begin PBXShellScriptBuildPhase section */
		572081B3595BA7AED19D414C /* [CP] Check Pods Manifest.lock */ = {
			isa = PBXShellScriptBuildPhase;
			buildActionMask = 2147483647;
			files = (
			);
			inputPaths = (
			);
			name = "[CP] Check Pods Manifest.lock";
			outputPaths = (
			);
			runOnlyForDeploymentPostprocessing = 0;
			shellPath = /bin/sh;
			shellScript = "diff \"${PODS_ROOT}/../Podfile.lock\" \"${PODS_ROOT}/Manifest.lock\" > /dev/null\nif [[ $? != 0 ]] ; then\n    cat << EOM\nerror: The sandbox is not in sync with the Podfile.lock. Run 'pod install' or update your CocoaPods installation.\nEOM\n    exit 1\nfi\n";
			showEnvVarsInLog = 0;
		};
		F0C63DDDACA09F8F543958FA /* [CP] Embed Pods Frameworks */ = {
			isa = PBXShellScriptBuildPhase;
			buildActionMask = 2147483647;
			files = (
			);
			inputPaths = (
			);
			name = "[CP] Embed Pods Frameworks";
			outputPaths = (
			);
			runOnlyForDeploymentPostprocessing = 0;
			shellPath = /bin/sh;
			shellScript = "\"${SRCROOT}/Pods/Target Support Files/Pods-Fluckr/Pods-Fluckr-frameworks.sh\"\n";
			showEnvVarsInLog = 0;
		};
		FD3AAC03D2831CAEA7538F85 /* [CP] Copy Pods Resources */ = {
			isa = PBXShellScriptBuildPhase;
			buildActionMask = 2147483647;
			files = (
			);
			inputPaths = (
			);
			name = "[CP] Copy Pods Resources";
			outputPaths = (
			);
			runOnlyForDeploymentPostprocessing = 0;
			shellPath = /bin/sh;
			shellScript = "\"${SRCROOT}/Pods/Target Support Files/Pods-Fluckr/Pods-Fluckr-resources.sh\"\n";
			showEnvVarsInLog = 0;
		};
/* End PBXShellScriptBuildPhase section */

/* Begin PBXSourcesBuildPhase section */
		700C5D8D1D61CAB9009DBB1D /* Sources */ = {
			isa = PBXSourcesBuildPhase;
			buildActionMask = 2147483647;
			files = (
				70672EE61D620982007F3172 /* GeoSearchViewController.swift in Sources */,
				70E6DF151D62109800A61E8E /* ImageCollectionViewCell.swift in Sources */,
				70B33FA71D633E6600126ACF /* SearchViewController.swift in Sources */,
				700C5DA71D61D450009DBB1D /* FlickrAPI.swift in Sources */,
				700D110D1D64B6460063E54B /* PhotoCollectionViewController.swift in Sources */,
				70672EE41D620932007F3172 /* ImagesCollectionViewController.swift in Sources */,
				70B33FA41D63378800126ACF /* FlickrPhoto.swift in Sources */,
				700C5D951D61CAB9009DBB1D /* AppDelegate.swift in Sources */,
				70B33FA21D63320A00126ACF /* FullImageViewController.swift in Sources */,
			);
			runOnlyForDeploymentPostprocessing = 0;
		};
/* End PBXSourcesBuildPhase section */

/* Begin PBXVariantGroup section */
		700C5D981D61CAB9009DBB1D /* Main.storyboard */ = {
			isa = PBXVariantGroup;
			children = (
				700C5D991D61CAB9009DBB1D /* Base */,
			);
			name = Main.storyboard;
			sourceTree = "<group>";
		};
		700C5D9D1D61CAB9009DBB1D /* LaunchScreen.storyboard */ = {
			isa = PBXVariantGroup;
			children = (
				700C5D9E1D61CAB9009DBB1D /* Base */,
			);
			name = LaunchScreen.storyboard;
			sourceTree = "<group>";
		};
/* End PBXVariantGroup section */

/* Begin XCBuildConfiguration section */
		700C5DA11D61CAB9009DBB1D /* Debug */ = {
			isa = XCBuildConfiguration;
			buildSettings = {
				ALWAYS_SEARCH_USER_PATHS = NO;
				CLANG_ANALYZER_NONNULL = YES;
				CLANG_CXX_LANGUAGE_STANDARD = "gnu++0x";
				CLANG_CXX_LIBRARY = "libc++";
				CLANG_ENABLE_MODULES = YES;
				CLANG_ENABLE_OBJC_ARC = YES;
				CLANG_WARN_BOOL_CONVERSION = YES;
				CLANG_WARN_CONSTANT_CONVERSION = YES;
				CLANG_WARN_DIRECT_OBJC_ISA_USAGE = YES_ERROR;
				CLANG_WARN_EMPTY_BODY = YES;
				CLANG_WARN_ENUM_CONVERSION = YES;
				CLANG_WARN_INT_CONVERSION = YES;
				CLANG_WARN_OBJC_ROOT_CLASS = YES_ERROR;
				CLANG_WARN_UNREACHABLE_CODE = YES;
				CLANG_WARN__DUPLICATE_METHOD_MATCH = YES;
				"CODE_SIGN_IDENTITY[sdk=iphoneos*]" = "iPhone Developer";
				COPY_PHASE_STRIP = NO;
				DEBUG_INFORMATION_FORMAT = dwarf;
				ENABLE_STRICT_OBJC_MSGSEND = YES;
				ENABLE_TESTABILITY = YES;
				GCC_C_LANGUAGE_STANDARD = gnu99;
				GCC_DYNAMIC_NO_PIC = NO;
				GCC_NO_COMMON_BLOCKS = YES;
				GCC_OPTIMIZATION_LEVEL = 0;
				GCC_PREPROCESSOR_DEFINITIONS = (
					"DEBUG=1",
					"$(inherited)",
				);
				GCC_WARN_64_TO_32_BIT_CONVERSION = YES;
				GCC_WARN_ABOUT_RETURN_TYPE = YES_ERROR;
				GCC_WARN_UNDECLARED_SELECTOR = YES;
				GCC_WARN_UNINITIALIZED_AUTOS = YES_AGGRESSIVE;
				GCC_WARN_UNUSED_FUNCTION = YES;
				GCC_WARN_UNUSED_VARIABLE = YES;
				IPHONEOS_DEPLOYMENT_TARGET = 9.3;
				MTL_ENABLE_DEBUG_INFO = YES;
				ONLY_ACTIVE_ARCH = YES;
				SDKROOT = iphoneos;
				SWIFT_OPTIMIZATION_LEVEL = "-Onone";
			};
			name = Debug;
		};
		700C5DA21D61CAB9009DBB1D /* Release */ = {
			isa = XCBuildConfiguration;
			buildSettings = {
				ALWAYS_SEARCH_USER_PATHS = NO;
				CLANG_ANALYZER_NONNULL = YES;
				CLANG_CXX_LANGUAGE_STANDARD = "gnu++0x";
				CLANG_CXX_LIBRARY = "libc++";
				CLANG_ENABLE_MODULES = YES;
				CLANG_ENABLE_OBJC_ARC = YES;
				CLANG_WARN_BOOL_CONVERSION = YES;
				CLANG_WARN_CONSTANT_CONVERSION = YES;
				CLANG_WARN_DIRECT_OBJC_ISA_USAGE = YES_ERROR;
				CLANG_WARN_EMPTY_BODY = YES;
				CLANG_WARN_ENUM_CONVERSION = YES;
				CLANG_WARN_INT_CONVERSION = YES;
				CLANG_WARN_OBJC_ROOT_CLASS = YES_ERROR;
				CLANG_WARN_UNREACHABLE_CODE = YES;
				CLANG_WARN__DUPLICATE_METHOD_MATCH = YES;
				"CODE_SIGN_IDENTITY[sdk=iphoneos*]" = "iPhone Developer";
				COPY_PHASE_STRIP = NO;
				DEBUG_INFORMATION_FORMAT = "dwarf-with-dsym";
				ENABLE_NS_ASSERTIONS = NO;
				ENABLE_STRICT_OBJC_MSGSEND = YES;
				GCC_C_LANGUAGE_STANDARD = gnu99;
				GCC_NO_COMMON_BLOCKS = YES;
				GCC_WARN_64_TO_32_BIT_CONVERSION = YES;
				GCC_WARN_ABOUT_RETURN_TYPE = YES_ERROR;
				GCC_WARN_UNDECLARED_SELECTOR = YES;
				GCC_WARN_UNINITIALIZED_AUTOS = YES_AGGRESSIVE;
				GCC_WARN_UNUSED_FUNCTION = YES;
				GCC_WARN_UNUSED_VARIABLE = YES;
				IPHONEOS_DEPLOYMENT_TARGET = 9.3;
				MTL_ENABLE_DEBUG_INFO = NO;
				SDKROOT = iphoneos;
				VALIDATE_PRODUCT = YES;
			};
			name = Release;
		};
		700C5DA41D61CAB9009DBB1D /* Debug */ = {
			isa = XCBuildConfiguration;
			baseConfigurationReference = 44C095CC4E9AC1F6C854CCE6 /* Pods-Fluckr.debug.xcconfig */;
			buildSettings = {
				ASSETCATALOG_COMPILER_APPICON_NAME = AppIcon;
				INFOPLIST_FILE = Fluckr/Info.plist;
				LD_RUNPATH_SEARCH_PATHS = "$(inherited) @executable_path/Frameworks";
				PRODUCT_BUNDLE_IDENTIFIER = com.taburetka.Fluckr;
				PRODUCT_NAME = "$(TARGET_NAME)";
			};
			name = Debug;
		};
		700C5DA51D61CAB9009DBB1D /* Release */ = {
			isa = XCBuildConfiguration;
			baseConfigurationReference = 76B0BA601E3DB9954F16DF09 /* Pods-Fluckr.release.xcconfig */;
			buildSettings = {
				ASSETCATALOG_COMPILER_APPICON_NAME = AppIcon;
				INFOPLIST_FILE = Fluckr/Info.plist;
				LD_RUNPATH_SEARCH_PATHS = "$(inherited) @executable_path/Frameworks";
				PRODUCT_BUNDLE_IDENTIFIER = com.taburetka.Fluckr;
				PRODUCT_NAME = "$(TARGET_NAME)";
			};
			name = Release;
		};
/* End XCBuildConfiguration section */

/* Begin XCConfigurationList section */
		700C5D8C1D61CAB9009DBB1D /* Build configuration list for PBXProject "Fluckr" */ = {
			isa = XCConfigurationList;
			buildConfigurations = (
				700C5DA11D61CAB9009DBB1D /* Debug */,
				700C5DA21D61CAB9009DBB1D /* Release */,
			);
			defaultConfigurationIsVisible = 0;
			defaultConfigurationName = Release;
		};
		700C5DA31D61CAB9009DBB1D /* Build configuration list for PBXNativeTarget "Fluckr" */ = {
			isa = XCConfigurationList;
			buildConfigurations = (
				700C5DA41D61CAB9009DBB1D /* Debug */,
				700C5DA51D61CAB9009DBB1D /* Release */,
			);
			defaultConfigurationIsVisible = 0;
			defaultConfigurationName = Release;
		};
/* End XCConfigurationList section */
	};
	rootObject = 700C5D891D61CAB9009DBB1D /* Project object */;
}
